# This file is automatically @generated by Cargo.
# It is not intended for manual editing.
version = 4

[[package]]
name = "test_agent"
version = "0.1.0"

[[package]]
name = "test_daemon"
version = "0.1.0"

[[package]]
name = "test_loginitem"
version = "0.1.0"

[[package]]
name = "test_mainapp"
version = "0.1.0"
